
Microsoft Visual Studio Solution File, Format Version 12.00
# Visual Studio Version 17
VisualStudioVersion = 17.1.32328.378
MinimumVisualStudioVersion = 10.0.40219.1
Project("{FAE04EC0-301F-11D3-BF4B-00C04F79EFBC}") = "CoreWebApp", "CoreWebApp\CoreWebApp.csproj", "{7692C0BD-9567-4F98-8B73-D2CFE97337BE}"
EndProject
Global
	GlobalSection(SolutionConfigurationPlatforms) = preSolution
		Debug|Any CPU = Debug|Any CPU
		Release|Any CPU = Release|Any CPU
	EndGlobalSection
	GlobalSection(ProjectConfigurationPlatforms) = postSolution
		{7692C0BD-9567-4F98-8B73-D2CFE97337BE}.Debug|Any CPU.ActiveCfg = Debug|Any CPU
		{7692C0BD-9567-4F98-8B73-D2CFE97337BE}.Debug|Any CPU.Build.0 = Debug|Any CPU
		{7692C0BD-9567-4F98-8B73-D2CFE97337BE}.Release|Any CPU.ActiveCfg = Release|Any CPU
		{7692C0BD-9567-4F98-8B73-D2CFE97337BE}.Release|Any CPU.Build.0 = Release|Any CPU
	EndGlobalSection
	GlobalSection(SolutionProperties) = preSolution
		HideSolutionNode = FALSE
	EndGlobalSection
	GlobalSection(ExtensibilityGlobals) = postSolution
		SolutionGuid = {6253B88A-5BD6-49A6-A08C-790F438680D9}
	EndGlobalSection
EndGlobal
